<?xml version="1.0" encoding="utf-8"?>
<Project ToolsVersion="4.0" xmlns="http://schemas.microsoft.com/developer/msbuild/2003">
  <ItemGroup>
    <Filter Include="src">
      <UniqueIdentifier>{769f5b60-204f-408d-bc15-1d0d28386738}</UniqueIdentifier>
    </Filter>
    <Filter Include="imgui">
      <UniqueIdentifier>{49ead7a6-5a9a-4199-ad4a-ed4cc9d7ac90}</UniqueIdentifier>
    </Filter>
  </ItemGroup>
  <ItemGroup>
    <ClCompile Include="Collapse.cpp">
      <Filter>src</Filter>
    </ClCompile>
    <ClCompile Include="FBXCommon.cpp">
      <Filter>src</Filter>
    </ClCompile>
    <ClCompile Include="FBXHelper.cpp">
      <Filter>src</Filter>
    </ClCompile>
    <ClCompile Include="Main.cpp">
      <Filter>src</Filter>
    </ClCompile>
    <ClCompile Include="ProgressiveMeshRenderer.cpp">
      <Filter>src</Filter>
    </ClCompile>
    <ClCompile Include="SkinCollapse.cpp">
      <Filter>src</Filter>
    </ClCompile>
    <ClCompile Include="Test.cpp">
      <Filter>src</Filter>
    </ClCompile>
    <ClCompile Include="imgui\imgui.cpp">
      <Filter>imgui</Filter>
    </ClCompile>
    <ClCompile Include="imgui\imgui_demo.cpp">
      <Filter>imgui</Filter>
    </ClCompile>
    <ClCompile Include="imgui\imgui_draw.cpp">
      <Filter>imgui</Filter>
    </ClCompile>
    <ClCompile Include="imgui_impl_dx9.cpp">
      <Filter>src</Filter>
    </ClCompile>
    <ClCompile Include="inc.cpp">
      <Filter>src</Filter>
    </ClCompile>
  </ItemGroup>
  <ItemGroup>
    <ClInclude Include="Collapse.h">
      <Filter>src</Filter>
    </ClInclude>
    <ClInclude Include="FBXCommon.h">
      <Filter>src</Filter>
    </ClInclude>
    <ClInclude Include="FBXHelper.h">
      <Filter>src</Filter>
    </ClInclude>
    <ClInclude Include="list.h">
      <Filter>src</Filter>
    </ClInclude>
    <ClInclude Include="ProgressiveMeshRenderer.h">
      <Filter>src</Filter>
    </ClInclude>
    <ClInclude Include="SkinCollapse.h">
      <Filter>src</Filter>
    </ClInclude>
    <ClInclude Include="Test.h">
      <Filter>src</Filter>
    </ClInclude>
    <ClInclude Include="imgui\imconfig.h">
      <Filter>imgui</Filter>
    </ClInclude>
    <ClInclude Include="imgui\imgui.h">
      <Filter>imgui</Filter>
    </ClInclude>
    <ClInclude Include="imgui\imgui_internal.h">
      <Filter>imgui</Filter>
    </ClInclude>
    <ClInclude Include="imgui\stb_truetype.h">
      <Filter>imgui</Filter>
    </ClInclude>
    <ClInclude Include="imgui\stb_rect_pack.h">
      <Filter>imgui</Filter>
    </ClInclude>
    <ClInclude Include="imgui\stb_textedit.h">
      <Filter>imgui</Filter>
    </ClInclude>
    <ClInclude Include="imgui_impl_dx9.h">
      <Filter>src</Filter>
    </ClInclude>
    <ClInclude Include="inc.h">
      <Filter>src</Filter>
    </ClInclude>
  </ItemGroup>
</Project>